{
  "requires": true,
  "lockfileVersion": 1,
  "dependencies": {
    "editorjs-html": {
      "version": "3.4.2",
      "resolved": "https://registry.npmjs.org/editorjs-html/-/editorjs-html-3.4.2.tgz",
      "integrity": "sha512-Gy8FV4oHMvnPDXLsdpZYW0Dgjaagff9bPd28/WW9aFdy87FvktJxQz8H+NKpxiGcGoNY27MmjFffurK2yhXjEg=="
    }
  }
}
